
Microsoft Visual Studio Solution File, Format Version 12.00
# Visual Studio Version 16
VisualStudioVersion = 16.0.30611.23
MinimumVisualStudioVersion = 10.0.40219.1
Project("{FAE04EC0-301F-11D3-BF4B-00C04F79EFBC}") = "if statement", "lab03\if statement.csproj", "{AA114728-43F2-4D9E-AA57-7C203A7C44B9}"
EndProject
Project("{FAE04EC0-301F-11D3-BF4B-00C04F79EFBC}") = "if else", "if else\if else.csproj", "{6C5A23B0-6487-4883-BD1F-7819556A128C}"
EndProject
Project("{FAE04EC0-301F-11D3-BF4B-00C04F79EFBC}") = "if statement (F to C)", "if statement (F to C)\if statement (F to C).csproj", "{B2EC15AC-053B-4E22-9E11-996AC1004A70}"
EndProject
Project("{FAE04EC0-301F-11D3-BF4B-00C04F79EFBC}") = "while loop 1-10", "while loop 10-20\while loop 1-10.csproj", "{FE6523DE-ABCF-4AA5-B560-6BEBCCC83529}"
EndProject
Project("{FAE04EC0-301F-11D3-BF4B-00C04F79EFBC}") = "while loop 60-20", "while loop 60-20\while loop 60-20.csproj", "{7DD54885-BA45-4A53-961B-10FC62DDB0B8}"
EndProject
Project("{FAE04EC0-301F-11D3-BF4B-00C04F79EFBC}") = "while loop 10-20 by 2", "while loop 10-20 by 2\while loop 10-20 by 2.csproj", "{9F093E6F-3D15-471B-8BEB-CC112BE1C05C}"
EndProject
Global
	GlobalSection(SolutionConfigurationPlatforms) = preSolution
		Debug|Any CPU = Debug|Any CPU
		Release|Any CPU = Release|Any CPU
	EndGlobalSection
	GlobalSection(ProjectConfigurationPlatforms) = postSolution
		{AA114728-43F2-4D9E-AA57-7C203A7C44B9}.Debug|Any CPU.ActiveCfg = Debug|Any CPU
		{AA114728-43F2-4D9E-AA57-7C203A7C44B9}.Debug|Any CPU.Build.0 = Debug|Any CPU
		{AA114728-43F2-4D9E-AA57-7C203A7C44B9}.Release|Any CPU.ActiveCfg = Release|Any CPU
		{AA114728-43F2-4D9E-AA57-7C203A7C44B9}.Release|Any CPU.Build.0 = Release|Any CPU
		{6C5A23B0-6487-4883-BD1F-7819556A128C}.Debug|Any CPU.ActiveCfg = Debug|Any CPU
		{6C5A23B0-6487-4883-BD1F-7819556A128C}.Debug|Any CPU.Build.0 = Debug|Any CPU
		{6C5A23B0-6487-4883-BD1F-7819556A128C}.Release|Any CPU.ActiveCfg = Release|Any CPU
		{6C5A23B0-6487-4883-BD1F-7819556A128C}.Release|Any CPU.Build.0 = Release|Any CPU
		{B2EC15AC-053B-4E22-9E11-996AC1004A70}.Debug|Any CPU.ActiveCfg = Debug|Any CPU
		{B2EC15AC-053B-4E22-9E11-996AC1004A70}.Debug|Any CPU.Build.0 = Debug|Any CPU
		{B2EC15AC-053B-4E22-9E11-996AC1004A70}.Release|Any CPU.ActiveCfg = Release|Any CPU
		{B2EC15AC-053B-4E22-9E11-996AC1004A70}.Release|Any CPU.Build.0 = Release|Any CPU
		{FE6523DE-ABCF-4AA5-B560-6BEBCCC83529}.Debug|Any CPU.ActiveCfg = Debug|Any CPU
		{FE6523DE-ABCF-4AA5-B560-6BEBCCC83529}.Debug|Any CPU.Build.0 = Debug|Any CPU
		{FE6523DE-ABCF-4AA5-B560-6BEBCCC83529}.Release|Any CPU.ActiveCfg = Release|Any CPU
		{FE6523DE-ABCF-4AA5-B560-6BEBCCC83529}.Release|Any CPU.Build.0 = Release|Any CPU
		{7DD54885-BA45-4A53-961B-10FC62DDB0B8}.Debug|Any CPU.ActiveCfg = Debug|Any CPU
		{7DD54885-BA45-4A53-961B-10FC62DDB0B8}.Debug|Any CPU.Build.0 = Debug|Any CPU
		{7DD54885-BA45-4A53-961B-10FC62DDB0B8}.Release|Any CPU.ActiveCfg = Release|Any CPU
		{7DD54885-BA45-4A53-961B-10FC62DDB0B8}.Release|Any CPU.Build.0 = Release|Any CPU
		{9F093E6F-3D15-471B-8BEB-CC112BE1C05C}.Debug|Any CPU.ActiveCfg = Debug|Any CPU
		{9F093E6F-3D15-471B-8BEB-CC112BE1C05C}.Debug|Any CPU.Build.0 = Debug|Any CPU
		{9F093E6F-3D15-471B-8BEB-CC112BE1C05C}.Release|Any CPU.ActiveCfg = Release|Any CPU
		{9F093E6F-3D15-471B-8BEB-CC112BE1C05C}.Release|Any CPU.Build.0 = Release|Any CPU
	EndGlobalSection
	GlobalSection(SolutionProperties) = preSolution
		HideSolutionNode = FALSE
	EndGlobalSection
	GlobalSection(ExtensibilityGlobals) = postSolution
		SolutionGuid = {C4909A73-775C-432A-A460-A8D2C8ED1513}
	EndGlobalSection
EndGlobal
